
Microsoft Visual Studio Solution File, Format Version 12.00
# Visual Studio Version 16
VisualStudioVersion = 16.0.30523.141
MinimumVisualStudioVersion = 10.0.40219.1
Project("{FAE04EC0-301F-11D3-BF4B-00C04F79EFBC}") = "MethodChaining", "MethodChaining.csproj", "{8909D66A-D3EB-430D-9374-CF364F284154}"
EndProject
Global
	GlobalSection(SolutionConfigurationPlatforms) = preSolution
		Debug|Any CPU = Debug|Any CPU
		Release|Any CPU = Release|Any CPU
	EndGlobalSection
	GlobalSection(ProjectConfigurationPlatforms) = postSolution
		{8909D66A-D3EB-430D-9374-CF364F284154}.Debug|Any CPU.ActiveCfg = Debug|Any CPU
		{8909D66A-D3EB-430D-9374-CF364F284154}.Debug|Any CPU.Build.0 = Debug|Any CPU
		{8909D66A-D3EB-430D-9374-CF364F284154}.Release|Any CPU.ActiveCfg = Release|Any CPU
		{8909D66A-D3EB-430D-9374-CF364F284154}.Release|Any CPU.Build.0 = Release|Any CPU
	EndGlobalSection
	GlobalSection(SolutionProperties) = preSolution
		HideSolutionNode = FALSE
	EndGlobalSection
	GlobalSection(ExtensibilityGlobals) = postSolution
		SolutionGuid = {005E43F6-5CA9-409C-A35B-126AC125B99A}
	EndGlobalSection
EndGlobal
